
Microsoft Visual Studio Solution File, Format Version 12.00
# Visual Studio Version 17
VisualStudioVersion = 17.8.34511.84
MinimumVisualStudioVersion = 10.0.40219.1
Project("{FAE04EC0-301F-11D3-BF4B-00C04F79EFBC}") = "ContactList", "ContactList\ContactList.csproj", "{D7A9C99B-A455-4B1D-A041-0A34D2DE574A}"
EndProject
Global
	GlobalSection(SolutionConfigurationPlatforms) = preSolution
		Debug|Any CPU = Debug|Any CPU
		Release|Any CPU = Release|Any CPU
	EndGlobalSection
	GlobalSection(ProjectConfigurationPlatforms) = postSolution
		{D7A9C99B-A455-4B1D-A041-0A34D2DE574A}.Debug|Any CPU.ActiveCfg = Debug|Any CPU
		{D7A9C99B-A455-4B1D-A041-0A34D2DE574A}.Debug|Any CPU.Build.0 = Debug|Any CPU
		{D7A9C99B-A455-4B1D-A041-0A34D2DE574A}.Release|Any CPU.ActiveCfg = Release|Any CPU
		{D7A9C99B-A455-4B1D-A041-0A34D2DE574A}.Release|Any CPU.Build.0 = Release|Any CPU
	EndGlobalSection
	GlobalSection(SolutionProperties) = preSolution
		HideSolutionNode = FALSE
	EndGlobalSection
	GlobalSection(ExtensibilityGlobals) = postSolution
		SolutionGuid = {3F734D2F-D462-4951-8194-4CBA7E1E1758}
	EndGlobalSection
EndGlobal
